
Microsoft Visual Studio Solution File, Format Version 12.00
# Visual Studio Version 17
VisualStudioVersion = 17.1.32210.238
MinimumVisualStudioVersion = 10.0.40219.1
Project("{FAE04EC0-301F-11D3-BF4B-00C04F79EFBC}") = "Tracker-api", "Tracker-api\Tracker-api.csproj", "{5257E062-BA9D-4E0E-B442-10A750A3B853}"
EndProject
Global
	GlobalSection(SolutionConfigurationPlatforms) = preSolution
		Debug|Any CPU = Debug|Any CPU
		Release|Any CPU = Release|Any CPU
	EndGlobalSection
	GlobalSection(ProjectConfigurationPlatforms) = postSolution
		{5257E062-BA9D-4E0E-B442-10A750A3B853}.Debug|Any CPU.ActiveCfg = Debug|Any CPU
		{5257E062-BA9D-4E0E-B442-10A750A3B853}.Debug|Any CPU.Build.0 = Debug|Any CPU
		{5257E062-BA9D-4E0E-B442-10A750A3B853}.Release|Any CPU.ActiveCfg = Release|Any CPU
		{5257E062-BA9D-4E0E-B442-10A750A3B853}.Release|Any CPU.Build.0 = Release|Any CPU
	EndGlobalSection
	GlobalSection(SolutionProperties) = preSolution
		HideSolutionNode = FALSE
	EndGlobalSection
	GlobalSection(ExtensibilityGlobals) = postSolution
		SolutionGuid = {D8890F14-F635-4AC4-9903-4AECD4E53FFB}
	EndGlobalSection
EndGlobal
